
Microsoft Visual Studio Solution File, Format Version 12.00
# Visual Studio 14
VisualStudioVersion = 14.0.25420.1
MinimumVisualStudioVersion = 10.0.40219.1
Project("{8BB2217D-0F2D-49D1-97BC-3654ED321F3B}") = "CSRedis", "CSRedis\CSRedis.xproj", "{F80F9A97-FA65-4DE7-9AD1-2B8E48A2F6F2}"
EndProject
Project("{8BB2217D-0F2D-49D1-97BC-3654ED321F3B}") = "CSRedis.Tests", "CSRedis.Tests\CSRedis.Tests.xproj", "{59545295-88D9-44E7-93BA-6761C5982C1A}"
EndProject
Global
	GlobalSection(SolutionConfigurationPlatforms) = preSolution
		Debug|Any CPU = Debug|Any CPU
		Release|Any CPU = Release|Any CPU
	EndGlobalSection
	GlobalSection(ProjectConfigurationPlatforms) = postSolution
		{F80F9A97-FA65-4DE7-9AD1-2B8E48A2F6F2}.Debug|Any CPU.ActiveCfg = Debug|Any CPU
		{F80F9A97-FA65-4DE7-9AD1-2B8E48A2F6F2}.Debug|Any CPU.Build.0 = Debug|Any CPU
		{F80F9A97-FA65-4DE7-9AD1-2B8E48A2F6F2}.Release|Any CPU.ActiveCfg = Release|Any CPU
		{F80F9A97-FA65-4DE7-9AD1-2B8E48A2F6F2}.Release|Any CPU.Build.0 = Release|Any CPU
		{59545295-88D9-44E7-93BA-6761C5982C1A}.Debug|Any CPU.ActiveCfg = Debug|Any CPU
		{59545295-88D9-44E7-93BA-6761C5982C1A}.Debug|Any CPU.Build.0 = Debug|Any CPU
		{59545295-88D9-44E7-93BA-6761C5982C1A}.Release|Any CPU.ActiveCfg = Release|Any CPU
		{59545295-88D9-44E7-93BA-6761C5982C1A}.Release|Any CPU.Build.0 = Release|Any CPU
	EndGlobalSection
	GlobalSection(SolutionProperties) = preSolution
		HideSolutionNode = FALSE
	EndGlobalSection
EndGlobal
